
Microsoft Visual Studio Solution File, Format Version 12.00
# Visual Studio Version 16
VisualStudioVersion = 16.0.30621.155
MinimumVisualStudioVersion = 10.0.40219.1
Project("{FAE04EC0-301F-11D3-BF4B-00C04F79EFBC}") = "Project2", "Project2\Project2.csproj", "{C87353CA-82DC-4BFF-900B-0F03E0A2F5BA}"
EndProject
Global
	GlobalSection(SolutionConfigurationPlatforms) = preSolution
		Debug|Any CPU = Debug|Any CPU
		Release|Any CPU = Release|Any CPU
	EndGlobalSection
	GlobalSection(ProjectConfigurationPlatforms) = postSolution
		{C87353CA-82DC-4BFF-900B-0F03E0A2F5BA}.Debug|Any CPU.ActiveCfg = Debug|Any CPU
		{C87353CA-82DC-4BFF-900B-0F03E0A2F5BA}.Debug|Any CPU.Build.0 = Debug|Any CPU
		{C87353CA-82DC-4BFF-900B-0F03E0A2F5BA}.Release|Any CPU.ActiveCfg = Release|Any CPU
		{C87353CA-82DC-4BFF-900B-0F03E0A2F5BA}.Release|Any CPU.Build.0 = Release|Any CPU
	EndGlobalSection
	GlobalSection(SolutionProperties) = preSolution
		HideSolutionNode = FALSE
	EndGlobalSection
	GlobalSection(ExtensibilityGlobals) = postSolution
		SolutionGuid = {E747B780-2D33-4F29-A206-6A8185C58A17}
	EndGlobalSection
EndGlobal
